
Microsoft Visual Studio Solution File, Format Version 12.00
# Visual Studio Version 16
VisualStudioVersion = 16.0.30406.217
MinimumVisualStudioVersion = 10.0.40219.1
Project("{FAE04EC0-301F-11D3-BF4B-00C04F79EFBC}") = "Lesson1", "Lesson1\Lesson1.csproj", "{A75557F6-134C-42D5-9A01-404DF2988EDC}"
EndProject
Project("{FAE04EC0-301F-11D3-BF4B-00C04F79EFBC}") = "Lessen2", "Lessen2\Lessen2.csproj", "{A5C57870-E5F0-4FAF-A65A-73A88C7445DB}"
EndProject
Project("{FAE04EC0-301F-11D3-BF4B-00C04F79EFBC}") = "Lesson 3 Looping", "Lesson 3 Looping\Lesson 3 Looping.csproj", "{BD537AC4-773A-4E60-A6C2-AF18068FB517}"
EndProject
Project("{FAE04EC0-301F-11D3-BF4B-00C04F79EFBC}") = "Lesson 4 Using Array", "Lesson 4 Using Array\Lesson 4 Using Array.csproj", "{995F0294-DFE2-42EE-AC75-90B8B5EDE48C}"
EndProject
Project("{FAE04EC0-301F-11D3-BF4B-00C04F79EFBC}") = "Lesson5Methods", "Lesson5Methods\Lesson5Methods.csproj", "{39103D3E-0828-4C8F-BED2-F588DA25ACC5}"
EndProject
Project("{FAE04EC0-301F-11D3-BF4B-00C04F79EFBC}") = "Lesson6MethodConcepts", "Lesson6MethodConcepts\Lesson6MethodConcepts.csproj", "{F8ACB7C7-B0AF-4BF7-B5D6-44FAE0C99A59}"
EndProject
Project("{FAE04EC0-301F-11D3-BF4B-00C04F79EFBC}") = "Lesson7Classes", "Lesson7Classes\Lesson7Classes.csproj", "{8E5BDB12-319E-4303-98BD-40A596417CEC}"
EndProject
Project("{FAE04EC0-301F-11D3-BF4B-00C04F79EFBC}") = "Lesson8Inheritance", "Lesson8Inheritance\Lesson8Inheritance.csproj", "{D15EB6E4-3410-42FA-9E6B-69A6097FD13D}"
EndProject
Global
	GlobalSection(SolutionConfigurationPlatforms) = preSolution
		Debug|Any CPU = Debug|Any CPU
		Release|Any CPU = Release|Any CPU
	EndGlobalSection
	GlobalSection(ProjectConfigurationPlatforms) = postSolution
		{A75557F6-134C-42D5-9A01-404DF2988EDC}.Debug|Any CPU.ActiveCfg = Debug|Any CPU
		{A75557F6-134C-42D5-9A01-404DF2988EDC}.Debug|Any CPU.Build.0 = Debug|Any CPU
		{A75557F6-134C-42D5-9A01-404DF2988EDC}.Release|Any CPU.ActiveCfg = Release|Any CPU
		{A75557F6-134C-42D5-9A01-404DF2988EDC}.Release|Any CPU.Build.0 = Release|Any CPU
		{A5C57870-E5F0-4FAF-A65A-73A88C7445DB}.Debug|Any CPU.ActiveCfg = Debug|Any CPU
		{A5C57870-E5F0-4FAF-A65A-73A88C7445DB}.Debug|Any CPU.Build.0 = Debug|Any CPU
		{A5C57870-E5F0-4FAF-A65A-73A88C7445DB}.Release|Any CPU.ActiveCfg = Release|Any CPU
		{A5C57870-E5F0-4FAF-A65A-73A88C7445DB}.Release|Any CPU.Build.0 = Release|Any CPU
		{BD537AC4-773A-4E60-A6C2-AF18068FB517}.Debug|Any CPU.ActiveCfg = Debug|Any CPU
		{BD537AC4-773A-4E60-A6C2-AF18068FB517}.Debug|Any CPU.Build.0 = Debug|Any CPU
		{BD537AC4-773A-4E60-A6C2-AF18068FB517}.Release|Any CPU.ActiveCfg = Release|Any CPU
		{BD537AC4-773A-4E60-A6C2-AF18068FB517}.Release|Any CPU.Build.0 = Release|Any CPU
		{995F0294-DFE2-42EE-AC75-90B8B5EDE48C}.Debug|Any CPU.ActiveCfg = Debug|Any CPU
		{995F0294-DFE2-42EE-AC75-90B8B5EDE48C}.Debug|Any CPU.Build.0 = Debug|Any CPU
		{995F0294-DFE2-42EE-AC75-90B8B5EDE48C}.Release|Any CPU.ActiveCfg = Release|Any CPU
		{995F0294-DFE2-42EE-AC75-90B8B5EDE48C}.Release|Any CPU.Build.0 = Release|Any CPU
		{39103D3E-0828-4C8F-BED2-F588DA25ACC5}.Debug|Any CPU.ActiveCfg = Debug|Any CPU
		{39103D3E-0828-4C8F-BED2-F588DA25ACC5}.Debug|Any CPU.Build.0 = Debug|Any CPU
		{39103D3E-0828-4C8F-BED2-F588DA25ACC5}.Release|Any CPU.ActiveCfg = Release|Any CPU
		{39103D3E-0828-4C8F-BED2-F588DA25ACC5}.Release|Any CPU.Build.0 = Release|Any CPU
		{F8ACB7C7-B0AF-4BF7-B5D6-44FAE0C99A59}.Debug|Any CPU.ActiveCfg = Debug|Any CPU
		{F8ACB7C7-B0AF-4BF7-B5D6-44FAE0C99A59}.Debug|Any CPU.Build.0 = Debug|Any CPU
		{F8ACB7C7-B0AF-4BF7-B5D6-44FAE0C99A59}.Release|Any CPU.ActiveCfg = Release|Any CPU
		{F8ACB7C7-B0AF-4BF7-B5D6-44FAE0C99A59}.Release|Any CPU.Build.0 = Release|Any CPU
		{8E5BDB12-319E-4303-98BD-40A596417CEC}.Debug|Any CPU.ActiveCfg = Debug|Any CPU
		{8E5BDB12-319E-4303-98BD-40A596417CEC}.Debug|Any CPU.Build.0 = Debug|Any CPU
		{8E5BDB12-319E-4303-98BD-40A596417CEC}.Release|Any CPU.ActiveCfg = Release|Any CPU
		{8E5BDB12-319E-4303-98BD-40A596417CEC}.Release|Any CPU.Build.0 = Release|Any CPU
		{D15EB6E4-3410-42FA-9E6B-69A6097FD13D}.Debug|Any CPU.ActiveCfg = Debug|Any CPU
		{D15EB6E4-3410-42FA-9E6B-69A6097FD13D}.Debug|Any CPU.Build.0 = Debug|Any CPU
		{D15EB6E4-3410-42FA-9E6B-69A6097FD13D}.Release|Any CPU.ActiveCfg = Release|Any CPU
		{D15EB6E4-3410-42FA-9E6B-69A6097FD13D}.Release|Any CPU.Build.0 = Release|Any CPU
	EndGlobalSection
	GlobalSection(SolutionProperties) = preSolution
		HideSolutionNode = FALSE
	EndGlobalSection
	GlobalSection(ExtensibilityGlobals) = postSolution
		SolutionGuid = {B461FF20-9BA9-47F0-82D0-4CCCE284172D}
	EndGlobalSection
EndGlobal
